
Microsoft Visual Studio Solution File, Format Version 12.00
# Visual Studio 15
VisualStudioVersion = 15.0.26730.12
MinimumVisualStudioVersion = 10.0.40219.1
Project("{FAE04EC0-301F-11D3-BF4B-00C04F79EFBC}") = "URLShortener", "URLShortener\URLShortener.csproj", "{B22E69B2-F804-4F78-B071-7DCA9BBABFD0}"
EndProject
Project("{FAE04EC0-301F-11D3-BF4B-00C04F79EFBC}") = "URLShortener.Data", "URLShortener.Data\URLShortener.Data.csproj", "{8B8DB503-3077-4933-AA35-C30C53E9855C}"
EndProject
Global
	GlobalSection(SolutionConfigurationPlatforms) = preSolution
		Debug|Any CPU = Debug|Any CPU
		Release|Any CPU = Release|Any CPU
	EndGlobalSection
	GlobalSection(ProjectConfigurationPlatforms) = postSolution
		{B22E69B2-F804-4F78-B071-7DCA9BBABFD0}.Debug|Any CPU.ActiveCfg = Debug|Any CPU
		{B22E69B2-F804-4F78-B071-7DCA9BBABFD0}.Debug|Any CPU.Build.0 = Debug|Any CPU
		{B22E69B2-F804-4F78-B071-7DCA9BBABFD0}.Release|Any CPU.ActiveCfg = Release|Any CPU
		{B22E69B2-F804-4F78-B071-7DCA9BBABFD0}.Release|Any CPU.Build.0 = Release|Any CPU
		{8B8DB503-3077-4933-AA35-C30C53E9855C}.Debug|Any CPU.ActiveCfg = Debug|Any CPU
		{8B8DB503-3077-4933-AA35-C30C53E9855C}.Debug|Any CPU.Build.0 = Debug|Any CPU
		{8B8DB503-3077-4933-AA35-C30C53E9855C}.Release|Any CPU.ActiveCfg = Release|Any CPU
		{8B8DB503-3077-4933-AA35-C30C53E9855C}.Release|Any CPU.Build.0 = Release|Any CPU
	EndGlobalSection
	GlobalSection(SolutionProperties) = preSolution
		HideSolutionNode = FALSE
	EndGlobalSection
	GlobalSection(ExtensibilityGlobals) = postSolution
		SolutionGuid = {AC9D43A9-EAB9-4660-AD74-A3AB598AD1E3}
	EndGlobalSection
EndGlobal
